
Microsoft Visual Studio Solution File, Format Version 12.00
# Visual Studio 15
VisualStudioVersion = 15.0.28307.136
MinimumVisualStudioVersion = 10.0.40219.1
Project("{9A19103F-16F7-4668-BE54-9A1E7A4F7556}") = "XFPanelJexus.Web", "XFPanel-Jexus\XFPanelJexus.Web.csproj", "{A6274ACF-1ED7-45D0-8F38-A46330F9509A}"
EndProject
Global
	GlobalSection(SolutionConfigurationPlatforms) = preSolution
		Debug|Any CPU = Debug|Any CPU
		Release|Any CPU = Release|Any CPU
	EndGlobalSection
	GlobalSection(ProjectConfigurationPlatforms) = postSolution
		{A6274ACF-1ED7-45D0-8F38-A46330F9509A}.Debug|Any CPU.ActiveCfg = Debug|Any CPU
		{A6274ACF-1ED7-45D0-8F38-A46330F9509A}.Debug|Any CPU.Build.0 = Debug|Any CPU
		{A6274ACF-1ED7-45D0-8F38-A46330F9509A}.Release|Any CPU.ActiveCfg = Release|Any CPU
		{A6274ACF-1ED7-45D0-8F38-A46330F9509A}.Release|Any CPU.Build.0 = Release|Any CPU
	EndGlobalSection
	GlobalSection(SolutionProperties) = preSolution
		HideSolutionNode = FALSE
	EndGlobalSection
	GlobalSection(ExtensibilityGlobals) = postSolution
		SolutionGuid = {300C891F-69FF-4FE0-B156-8490E01DED4E}
	EndGlobalSection
EndGlobal
